
Microsoft Visual Studio Solution File, Format Version 12.00
# Visual Studio Version 17
VisualStudioVersion = 17.7.34031.279
MinimumVisualStudioVersion = 10.0.40219.1
Project("{8BC9CEB8-8B4A-11D0-8D11-00A0C91BC942}") = "34 - Quitanieves", "34 - Quitanieves.vcxproj", "{CFB46D62-8490-410E-AF3E-A620732E4011}"
EndProject
Global
	GlobalSection(SolutionConfigurationPlatforms) = preSolution
		Debug|x64 = Debug|x64
		Debug|x86 = Debug|x86
		Release|x64 = Release|x64
		Release|x86 = Release|x86
	EndGlobalSection
	GlobalSection(ProjectConfigurationPlatforms) = postSolution
		{CFB46D62-8490-410E-AF3E-A620732E4011}.Debug|x64.ActiveCfg = Debug|x64
		{CFB46D62-8490-410E-AF3E-A620732E4011}.Debug|x64.Build.0 = Debug|x64
		{CFB46D62-8490-410E-AF3E-A620732E4011}.Debug|x86.ActiveCfg = Debug|Win32
		{CFB46D62-8490-410E-AF3E-A620732E4011}.Debug|x86.Build.0 = Debug|Win32
		{CFB46D62-8490-410E-AF3E-A620732E4011}.Release|x64.ActiveCfg = Release|x64
		{CFB46D62-8490-410E-AF3E-A620732E4011}.Release|x64.Build.0 = Release|x64
		{CFB46D62-8490-410E-AF3E-A620732E4011}.Release|x86.ActiveCfg = Release|Win32
		{CFB46D62-8490-410E-AF3E-A620732E4011}.Release|x86.Build.0 = Release|Win32
	EndGlobalSection
	GlobalSection(SolutionProperties) = preSolution
		HideSolutionNode = FALSE
	EndGlobalSection
	GlobalSection(ExtensibilityGlobals) = postSolution
		SolutionGuid = {ADA66517-B471-4063-82DF-0B79AFB00D5A}
	EndGlobalSection
EndGlobal
