
Microsoft Visual Studio Solution File, Format Version 12.00
# Visual Studio Version 17
VisualStudioVersion = 17.7.34031.279
MinimumVisualStudioVersion = 10.0.40219.1
Project("{8BC9CEB8-8B4A-11D0-8D11-00A0C91BC942}") = "16 - Intervalos Izquierda Derecha", "16 - Intervalos Izquierda Derecha.vcxproj", "{B2A9E86A-85AE-4C10-87AE-4EB41BCE203D}"
EndProject
Global
	GlobalSection(SolutionConfigurationPlatforms) = preSolution
		Debug|x64 = Debug|x64
		Debug|x86 = Debug|x86
		Release|x64 = Release|x64
		Release|x86 = Release|x86
	EndGlobalSection
	GlobalSection(ProjectConfigurationPlatforms) = postSolution
		{B2A9E86A-85AE-4C10-87AE-4EB41BCE203D}.Debug|x64.ActiveCfg = Debug|x64
		{B2A9E86A-85AE-4C10-87AE-4EB41BCE203D}.Debug|x64.Build.0 = Debug|x64
		{B2A9E86A-85AE-4C10-87AE-4EB41BCE203D}.Debug|x86.ActiveCfg = Debug|Win32
		{B2A9E86A-85AE-4C10-87AE-4EB41BCE203D}.Debug|x86.Build.0 = Debug|Win32
		{B2A9E86A-85AE-4C10-87AE-4EB41BCE203D}.Release|x64.ActiveCfg = Release|x64
		{B2A9E86A-85AE-4C10-87AE-4EB41BCE203D}.Release|x64.Build.0 = Release|x64
		{B2A9E86A-85AE-4C10-87AE-4EB41BCE203D}.Release|x86.ActiveCfg = Release|Win32
		{B2A9E86A-85AE-4C10-87AE-4EB41BCE203D}.Release|x86.Build.0 = Release|Win32
	EndGlobalSection
	GlobalSection(SolutionProperties) = preSolution
		HideSolutionNode = FALSE
	EndGlobalSection
	GlobalSection(ExtensibilityGlobals) = postSolution
		SolutionGuid = {D94456F2-73B8-4BA1-B9D4-64FC390C2963}
	EndGlobalSection
EndGlobal
